// !$*UTF8*$!
{
	archiveVersion = 1;
	classes = {
	};
	objectVersion = 77;
	objects = {

/* Begin PBXBuildFile section */
		6A1489172D2F3FDB00060FC2 /* SocketIO in Frameworks */ = {isa = PBXBuildFile; productRef = 6A1489162D2F3FDB00060FC2 /* SocketIO */; };
		6A80AEE32D30D28F0005AB08 /* LinkKit in Frameworks */ = {isa = PBXBuildFile; productRef = 6A80AEE22D30D28F0005AB08 /* LinkKit */; };
		6AA3B78C2D1CD087004A785C /* FirebaseAnalytics in Frameworks */ = {isa = PBXBuildFile; productRef = 6AA3B78B2D1CD087004A785C /* FirebaseAnalytics */; };
		6AA3B78E2D1CD087004A785C /* FirebaseAuth in Frameworks */ = {isa = PBXBuildFile; productRef = 6AA3B78D2D1CD087004A785C /* FirebaseAuth */; };
		6AA3B7902D1CD087004A785C /* FirebaseCore in Frameworks */ = {isa = PBXBuildFile; productRef = 6AA3B78F2D1CD087004A785C /* FirebaseCore */; };
		6AA3B7922D1CD087004A785C /* FirebaseDatabase in Frameworks */ = {isa = PBXBuildFile; productRef = 6AA3B7912D1CD087004A785C /* FirebaseDatabase */; };
		6AA3B7942D1CD087004A785C /* FirebaseFirestore in Frameworks */ = {isa = PBXBuildFile; productRef = 6AA3B7932D1CD087004A785C /* FirebaseFirestore */; };
/* End PBXBuildFile section */

/* Begin PBXContainerItemProxy section */
		6A63F0582D17964B002F4BC8 /* PBXContainerItemProxy */ = {
			isa = PBXContainerItemProxy;
			containerPortal = 6A63F03E2D179649002F4BC8 /* Project object */;
			proxyType = 1;
			remoteGlobalIDString = 6A63F0452D179649002F4BC8;
			remoteInfo = Finabl;
		};
		6A63F0622D17964B002F4BC8 /* PBXContainerItemProxy */ = {
			isa = PBXContainerItemProxy;
			containerPortal = 6A63F03E2D179649002F4BC8 /* Project object */;
			proxyType = 1;
			remoteGlobalIDString = 6A63F0452D179649002F4BC8;
			remoteInfo = Finabl;
		};
/* End PBXContainerItemProxy section */

/* Begin PBXFileReference section */
		6A63F0462D179649002F4BC8 /* Finabl.app */ = {isa = PBXFileReference; explicitFileType = wrapper.application; includeInIndex = 0; path = Finabl.app; sourceTree = BUILT_PRODUCTS_DIR; };
		6A63F0572D17964B002F4BC8 /* FinablTests.xctest */ = {isa = PBXFileReference; explicitFileType = wrapper.cfbundle; includeInIndex = 0; path = FinablTests.xctest; sourceTree = BUILT_PRODUCTS_DIR; };
		6A63F0612D17964B002F4BC8 /* FinablUITests.xctest */ = {isa = PBXFileReference; explicitFileType = wrapper.cfbundle; includeInIndex = 0; path = FinablUITests.xctest; sourceTree = BUILT_PRODUCTS_DIR; };
/* End PBXFileReference section */

/* Begin PBXFileSystemSynchronizedBuildFileExceptionSet section */
		6AA3B7962D1CF338004A785C /* Exceptions for "Finabl" folder in "Finabl" target */ = {
			isa = PBXFileSystemSynchronizedBuildFileExceptionSet;
			membershipExceptions = (
				Info.plist,
			);
			target = 6A63F0452D179649002F4BC8 /* Finabl */;
		};
/* End PBXFileSystemSynchronizedBuildFileExceptionSet section */

/* Begin PBXFileSystemSynchronizedRootGroup section */
		6A63F0482D179649002F4BC8 /* Finabl */ = {
			isa = PBXFileSystemSynchronizedRootGroup;
			exceptions = (
				6AA3B7962D1CF338004A785C /* Exceptions for "Finabl" folder in "Finabl" target */,
			);
			path = Finabl;
			sourceTree = "<group>";
		};
		6A63F05A2D17964B002F4BC8 /* FinablTests */ = {
			isa = PBXFileSystemSynchronizedRootGroup;
			path = FinablTests;
			sourceTree = "<group>";
		};
		6A63F0642D17964B002F4BC8 /* FinablUITests */ = {
			isa = PBXFileSystemSynchronizedRootGroup;
			path = FinablUITests;
			sourceTree = "<group>";
		};
/* End PBXFileSystemSynchronizedRootGroup section */

/* Begin PBXFrameworksBuildPhase section */
		6A63F0432D179649002F4BC8 /* Frameworks */ = {
			isa = PBXFrameworksBuildPhase;
			buildActionMask = 2147483647;
			files = (
				6AA3B78C2D1CD087004A785C /* FirebaseAnalytics in Frameworks */,
				6AA3B7902D1CD087004A785C /* FirebaseCore in Frameworks */,
				6A80AEE32D30D28F0005AB08 /* LinkKit in Frameworks */,
				6AA3B7922D1CD087004A785C /* FirebaseDatabase in Frameworks */,
				6AA3B7942D1CD087004A785C /* FirebaseFirestore in Frameworks */,
				6AA3B78E2D1CD087004A785C /* FirebaseAuth in Frameworks */,
				6A1489172D2F3FDB00060FC2 /* SocketIO in Frameworks */,
			);
			runOnlyForDeploymentPostprocessing = 0;
		};
		6A63F0542D17964B002F4BC8 /* Frameworks */ = {
			isa = PBXFrameworksBuildPhase;
			buildActionMask = 2147483647;
			files = (
			);
			runOnlyForDeploymentPostprocessing = 0;
		};
		6A63F05E2D17964B002F4BC8 /* Frameworks */ = {
			isa = PBXFrameworksBuildPhase;
			buildActionMask = 2147483647;
			files = (
			);
			runOnlyForDeploymentPostprocessing = 0;
		};
/* End PBXFrameworksBuildPhase section */

/* Begin PBXGroup section */
		6A63F03D2D179649002F4BC8 = {
			isa = PBXGroup;
			children = (
				6A63F0482D179649002F4BC8 /* Finabl */,
				6A63F05A2D17964B002F4BC8 /* FinablTests */,
				6A63F0642D17964B002F4BC8 /* FinablUITests */,
				6A63F0472D179649002F4BC8 /* Products */,
			);
			sourceTree = "<group>";
		};
		6A63F0472D179649002F4BC8 /* Products */ = {
			isa = PBXGroup;
			children = (
				6A63F0462D179649002F4BC8 /* Finabl.app */,
				6A63F0572D17964B002F4BC8 /* FinablTests.xctest */,
				6A63F0612D17964B002F4BC8 /* FinablUITests.xctest */,
			);
			name = Products;
			sourceTree = "<group>";
		};
/* End PBXGroup section */

/* Begin PBXNativeTarget section */
		6A63F0452D179649002F4BC8 /* Finabl */ = {
			isa = PBXNativeTarget;
			buildConfigurationList = 6A63F06B2D17964B002F4BC8 /* Build configuration list for PBXNativeTarget "Finabl" */;
			buildPhases = (
				6A63F0422D179649002F4BC8 /* Sources */,
				6A63F0432D179649002F4BC8 /* Frameworks */,
				6A63F0442D179649002F4BC8 /* Resources */,
			);
			buildRules = (
			);
			dependencies = (
			);
			fileSystemSynchronizedGroups = (
				6A63F0482D179649002F4BC8 /* Finabl */,
			);
			name = Finabl;
			packageProductDependencies = (
				6AA3B78B2D1CD087004A785C /* FirebaseAnalytics */,
				6AA3B78D2D1CD087004A785C /* FirebaseAuth */,
				6AA3B78F2D1CD087004A785C /* FirebaseCore */,
				6AA3B7912D1CD087004A785C /* FirebaseDatabase */,
				6AA3B7932D1CD087004A785C /* FirebaseFirestore */,
				6A1489162D2F3FDB00060FC2 /* SocketIO */,
				6A80AEE22D30D28F0005AB08 /* LinkKit */,
			);
			productName = Finabl;
			productReference = 6A63F0462D179649002F4BC8 /* Finabl.app */;
			productType = "com.apple.product-type.application";
		};
		6A63F0562D17964B002F4BC8 /* FinablTests */ = {
			isa = PBXNativeTarget;
			buildConfigurationList = 6A63F06E2D17964B002F4BC8 /* Build configuration list for PBXNativeTarget "FinablTests" */;
			buildPhases = (
				6A63F0532D17964B002F4BC8 /* Sources */,
				6A63F0542D17964B002F4BC8 /* Frameworks */,
				6A63F0552D17964B002F4BC8 /* Resources */,
			);
			buildRules = (
			);
			dependencies = (
				6A63F0592D17964B002F4BC8 /* PBXTargetDependency */,
			);
			fileSystemSynchronizedGroups = (
				6A63F05A2D17964B002F4BC8 /* FinablTests */,
			);
			name = FinablTests;
			packageProductDependencies = (
			);
			productName = FinablTests;
			productReference = 6A63F0572D17964B002F4BC8 /* FinablTests.xctest */;
			productType = "com.apple.product-type.bundle.unit-test";
		};
		6A63F0602D17964B002F4BC8 /* FinablUITests */ = {
			isa = PBXNativeTarget;
			buildConfigurationList = 6A63F0712D17964B002F4BC8 /* Build configuration list for PBXNativeTarget "FinablUITests" */;
			buildPhases = (
				6A63F05D2D17964B002F4BC8 /* Sources */,
				6A63F05E2D17964B002F4BC8 /* Frameworks */,
				6A63F05F2D17964B002F4BC8 /* Resources */,
			);
			buildRules = (
			);
			dependencies = (
				6A63F0632D17964B002F4BC8 /* PBXTargetDependency */,
			);
			fileSystemSynchronizedGroups = (
				6A63F0642D17964B002F4BC8 /* FinablUITests */,
			);
			name = FinablUITests;
			packageProductDependencies = (
			);
			productName = FinablUITests;
			productReference = 6A63F0612D17964B002F4BC8 /* FinablUITests.xctest */;
			productType = "com.apple.product-type.bundle.ui-testing";
		};
/* End PBXNativeTarget section */

/* Begin PBXProject section */
		6A63F03E2D179649002F4BC8 /* Project object */ = {
			isa = PBXProject;
			attributes = {
				BuildIndependentTargetsInParallel = 1;
				LastSwiftUpdateCheck = 1620;
				LastUpgradeCheck = 1620;
				TargetAttributes = {
					6A63F0452D179649002F4BC8 = {
						CreatedOnToolsVersion = 16.2;
					};
					6A63F0562D17964B002F4BC8 = {
						CreatedOnToolsVersion = 16.2;
						TestTargetID = 6A63F0452D179649002F4BC8;
					};
					6A63F0602D17964B002F4BC8 = {
						CreatedOnToolsVersion = 16.2;
						TestTargetID = 6A63F0452D179649002F4BC8;
					};
				};
			};
			buildConfigurationList = 6A63F0412D179649002F4BC8 /* Build configuration list for PBXProject "Finabl" */;
			developmentRegion = en;
			hasScannedForEncodings = 0;
			knownRegions = (
				en,
				Base,
			);
			mainGroup = 6A63F03D2D179649002F4BC8;
			minimizedProjectReferenceProxies = 1;
			packageReferences = (
				6AA3B78A2D1CD087004A785C /* XCRemoteSwiftPackageReference "firebase-ios-sdk" */,
				6A1489152D2F3FDB00060FC2 /* XCRemoteSwiftPackageReference "socket.io-client-swift" */,
				6A80AEE12D30D28F0005AB08 /* XCRemoteSwiftPackageReference "plaid-link-ios-spm" */,
			);
			preferredProjectObjectVersion = 77;
			productRefGroup = 6A63F0472D179649002F4BC8 /* Products */;
			projectDirPath = "";
			projectRoot = "";
			targets = (
				6A63F0452D179649002F4BC8 /* Finabl */,
				6A63F0562D17964B002F4BC8 /* FinablTests */,
				6A63F0602D17964B002F4BC8 /* FinablUITests */,
			);
		};
/* End PBXProject section */

/* Begin PBXResourcesBuildPhase section */
		6A63F0442D179649002F4BC8 /* Resources */ = {
			isa = PBXResourcesBuildPhase;
			buildActionMask = 2147483647;
			files = (
			);
			runOnlyForDeploymentPostprocessing = 0;
		};
		6A63F0552D17964B002F4BC8 /* Resources */ = {
			isa = PBXResourcesBuildPhase;
			buildActionMask = 2147483647;
			files = (
			);
			runOnlyForDeploymentPostprocessing = 0;
		};
		6A63F05F2D17964B002F4BC8 /* Resources */ = {
			isa = PBXResourcesBuildPhase;
			buildActionMask = 2147483647;
			files = (
			);
			runOnlyForDeploymentPostprocessing = 0;
		};
/* End PBXResourcesBuildPhase section */

/* Begin PBXSourcesBuildPhase section */
		6A63F0422D179649002F4BC8 /* Sources */ = {
			isa = PBXSourcesBuildPhase;
			buildActionMask = 2147483647;
			files = (
			);
			runOnlyForDeploymentPostprocessing = 0;
		};
		6A63F0532D17964B002F4BC8 /* Sources */ = {
			isa = PBXSourcesBuildPhase;
			buildActionMask = 2147483647;
			files = (
			);
			runOnlyForDeploymentPostprocessing = 0;
		};
		6A63F05D2D17964B002F4BC8 /* Sources */ = {
			isa = PBXSourcesBuildPhase;
			buildActionMask = 2147483647;
			files = (
			);
			runOnlyForDeploymentPostprocessing = 0;
		};
/* End PBXSourcesBuildPhase section */

/* Begin PBXTargetDependency section */
		6A63F0592D17964B002F4BC8 /* PBXTargetDependency */ = {
			isa = PBXTargetDependency;
			target = 6A63F0452D179649002F4BC8 /* Finabl */;
			targetProxy = 6A63F0582D17964B002F4BC8 /* PBXContainerItemProxy */;
		};
		6A63F0632D17964B002F4BC8 /* PBXTargetDependency */ = {
			isa = PBXTargetDependency;
			target = 6A63F0452D179649002F4BC8 /* Finabl */;
			targetProxy = 6A63F0622D17964B002F4BC8 /* PBXContainerItemProxy */;
		};
/* End PBXTargetDependency section */

/* Begin XCBuildConfiguration section */
		6A63F0692D17964B002F4BC8 /* Debug */ = {
			isa = XCBuildConfiguration;
			buildSettings = {
				ALWAYS_SEARCH_USER_PATHS = NO;
				ASSETCATALOG_COMPILER_GENERATE_SWIFT_ASSET_SYMBOL_EXTENSIONS = YES;
				CLANG_ANALYZER_NONNULL = YES;
				CLANG_ANALYZER_NUMBER_OBJECT_CONVERSION = YES_AGGRESSIVE;
				CLANG_CXX_LANGUAGE_STANDARD = "gnu++20";
				CLANG_ENABLE_MODULES = YES;
				CLANG_ENABLE_OBJC_ARC = YES;
				CLANG_ENABLE_OBJC_WEAK = YES;
				CLANG_WARN_BLOCK_CAPTURE_AUTORELEASING = YES;
				CLANG_WARN_BOOL_CONVERSION = YES;
				CLANG_WARN_COMMA = YES;
				CLANG_WARN_CONSTANT_CONVERSION = YES;
				CLANG_WARN_DEPRECATED_OBJC_IMPLEMENTATIONS = YES;
				CLANG_WARN_DIRECT_OBJC_ISA_USAGE = YES_ERROR;
				CLANG_WARN_DOCUMENTATION_COMMENTS = YES;
				CLANG_WARN_EMPTY_BODY = YES;
				CLANG_WARN_ENUM_CONVERSION = YES;
				CLANG_WARN_INFINITE_RECURSION = YES;
				CLANG_WARN_INT_CONVERSION = YES;
				CLANG_WARN_NON_LITERAL_NULL_CONVERSION = YES;
				CLANG_WARN_OBJC_IMPLICIT_RETAIN_SELF = YES;
				CLANG_WARN_OBJC_LITERAL_CONVERSION = YES;
				CLANG_WARN_OBJC_ROOT_CLASS = YES_ERROR;
				CLANG_WARN_QUOTED_INCLUDE_IN_FRAMEWORK_HEADER = YES;
				CLANG_WARN_RANGE_LOOP_ANALYSIS = YES;
				CLANG_WARN_STRICT_PROTOTYPES = YES;
				CLANG_WARN_SUSPICIOUS_MOVE = YES;
				CLANG_WARN_UNGUARDED_AVAILABILITY = YES_AGGRESSIVE;
				CLANG_WARN_UNREACHABLE_CODE = YES;
				CLANG_WARN__DUPLICATE_METHOD_MATCH = YES;
				COPY_PHASE_STRIP = NO;
				DEBUG_INFORMATION_FORMAT = dwarf;
				ENABLE_STRICT_OBJC_MSGSEND = YES;
				ENABLE_TESTABILITY = YES;
				ENABLE_USER_SCRIPT_SANDBOXING = YES;
				GCC_C_LANGUAGE_STANDARD = gnu17;
				GCC_DYNAMIC_NO_PIC = NO;
				GCC_NO_COMMON_BLOCKS = YES;
				GCC_OPTIMIZATION_LEVEL = 0;
				GCC_PREPROCESSOR_DEFINITIONS = (
					"DEBUG=1",
					"$(inherited)",
				);
				GCC_WARN_64_TO_32_BIT_CONVERSION = YES;
				GCC_WARN_ABOUT_RETURN_TYPE = YES_ERROR;
				GCC_WARN_UNDECLARED_SELECTOR = YES;
				GCC_WARN_UNINITIALIZED_AUTOS = YES_AGGRESSIVE;
				GCC_WARN_UNUSED_FUNCTION = YES;
				GCC_WARN_UNUSED_VARIABLE = YES;
				LOCALIZATION_PREFERS_STRING_CATALOGS = YES;
				MTL_ENABLE_DEBUG_INFO = INCLUDE_SOURCE;
				MTL_FAST_MATH = YES;
				ONLY_ACTIVE_ARCH = YES;
				SWIFT_ACTIVE_COMPILATION_CONDITIONS = "DEBUG $(inherited)";
				SWIFT_OPTIMIZATION_LEVEL = "-Onone";
			};
			name = Debug;
		};
		6A63F06A2D17964B002F4BC8 /* Release */ = {
			isa = XCBuildConfiguration;
			buildSettings = {
				ALWAYS_SEARCH_USER_PATHS = NO;
				ASSETCATALOG_COMPILER_GENERATE_SWIFT_ASSET_SYMBOL_EXTENSIONS = YES;
				CLANG_ANALYZER_NONNULL = YES;
				CLANG_ANALYZER_NUMBER_OBJECT_CONVERSION = YES_AGGRESSIVE;
				CLANG_CXX_LANGUAGE_STANDARD = "gnu++20";
				CLANG_ENABLE_MODULES = YES;
				CLANG_ENABLE_OBJC_ARC = YES;
				CLANG_ENABLE_OBJC_WEAK = YES;
				CLANG_WARN_BLOCK_CAPTURE_AUTORELEASING = YES;
				CLANG_WARN_BOOL_CONVERSION = YES;
				CLANG_WARN_COMMA = YES;
				CLANG_WARN_CONSTANT_CONVERSION = YES;
				CLANG_WARN_DEPRECATED_OBJC_IMPLEMENTATIONS = YES;
				CLANG_WARN_DIRECT_OBJC_ISA_USAGE = YES_ERROR;
				CLANG_WARN_DOCUMENTATION_COMMENTS = YES;
				CLANG_WARN_EMPTY_BODY = YES;
				CLANG_WARN_ENUM_CONVERSION = YES;
				CLANG_WARN_INFINITE_RECURSION = YES;
				CLANG_WARN_INT_CONVERSION = YES;
				CLANG_WARN_NON_LITERAL_NULL_CONVERSION = YES;
				CLANG_WARN_OBJC_IMPLICIT_RETAIN_SELF = YES;
				CLANG_WARN_OBJC_LITERAL_CONVERSION = YES;
				CLANG_WARN_OBJC_ROOT_CLASS = YES_ERROR;
				CLANG_WARN_QUOTED_INCLUDE_IN_FRAMEWORK_HEADER = YES;
				CLANG_WARN_RANGE_LOOP_ANALYSIS = YES;
				CLANG_WARN_STRICT_PROTOTYPES = YES;
				CLANG_WARN_SUSPICIOUS_MOVE = YES;
				CLANG_WARN_UNGUARDED_AVAILABILITY = YES_AGGRESSIVE;
				CLANG_WARN_UNREACHABLE_CODE = YES;
				CLANG_WARN__DUPLICATE_METHOD_MATCH = YES;
				COPY_PHASE_STRIP = NO;
				DEBUG_INFORMATION_FORMAT = "dwarf-with-dsym";
				ENABLE_NS_ASSERTIONS = NO;
				ENABLE_STRICT_OBJC_MSGSEND = YES;
				ENABLE_USER_SCRIPT_SANDBOXING = YES;
				GCC_C_LANGUAGE_STANDARD = gnu17;
				GCC_NO_COMMON_BLOCKS = YES;
				GCC_WARN_64_TO_32_BIT_CONVERSION = YES;
				GCC_WARN_ABOUT_RETURN_TYPE = YES_ERROR;
				GCC_WARN_UNDECLARED_SELECTOR = YES;
				GCC_WARN_UNINITIALIZED_AUTOS = YES_AGGRESSIVE;
				GCC_WARN_UNUSED_FUNCTION = YES;
				GCC_WARN_UNUSED_VARIABLE = YES;
				LOCALIZATION_PREFERS_STRING_CATALOGS = YES;
				MTL_ENABLE_DEBUG_INFO = NO;
				MTL_FAST_MATH = YES;
				SWIFT_COMPILATION_MODE = wholemodule;
			};
			name = Release;
		};
		6A63F06C2D17964B002F4BC8 /* Debug */ = {
			isa = XCBuildConfiguration;
			buildSettings = {
				ASSETCATALOG_COMPILER_APPICON_NAME = AppIcon;
				ASSETCATALOG_COMPILER_GLOBAL_ACCENT_COLOR_NAME = AccentColor;
				CODE_SIGN_ENTITLEMENTS = Finabl/Finabl.entitlements;
				CODE_SIGN_STYLE = Automatic;
				CURRENT_PROJECT_VERSION = 1;
				DEVELOPMENT_ASSET_PATHS = "\"Finabl/Preview Content\"";
				DEVELOPMENT_TEAM = X4MH4CHK56;
				ENABLE_HARDENED_RUNTIME = YES;
				ENABLE_PREVIEWS = YES;
				GENERATE_INFOPLIST_FILE = YES;
				INFOPLIST_FILE = Finabl/Info.plist;
				"INFOPLIST_KEY_UIApplicationSceneManifest_Generation[sdk=iphoneos*]" = YES;
				"INFOPLIST_KEY_UIApplicationSceneManifest_Generation[sdk=iphonesimulator*]" = YES;
				"INFOPLIST_KEY_UIApplicationSupportsIndirectInputEvents[sdk=iphoneos*]" = YES;
				"INFOPLIST_KEY_UIApplicationSupportsIndirectInputEvents[sdk=iphonesimulator*]" = YES;
				"INFOPLIST_KEY_UILaunchScreen_Generation[sdk=iphoneos*]" = YES;
				"INFOPLIST_KEY_UILaunchScreen_Generation[sdk=iphonesimulator*]" = YES;
				"INFOPLIST_KEY_UIStatusBarStyle[sdk=iphoneos*]" = UIStatusBarStyleDefault;
				"INFOPLIST_KEY_UIStatusBarStyle[sdk=iphonesimulator*]" = UIStatusBarStyleDefault;
				INFOPLIST_KEY_UISupportedInterfaceOrientations_iPad = "UIInterfaceOrientationPortrait UIInterfaceOrientationPortraitUpsideDown UIInterfaceOrientationLandscapeLeft UIInterfaceOrientationLandscapeRight";
				INFOPLIST_KEY_UISupportedInterfaceOrientations_iPhone = "UIInterfaceOrientationPortrait UIInterfaceOrientationLandscapeLeft UIInterfaceOrientationLandscapeRight";
				IPHONEOS_DEPLOYMENT_TARGET = 18.0;
				LD_RUNPATH_SEARCH_PATHS = "@executable_path/Frameworks";
				"LD_RUNPATH_SEARCH_PATHS[sdk=macosx*]" = "@executable_path/../Frameworks";
				MACOSX_DEPLOYMENT_TARGET = 15.1;
				MARKETING_VERSION = 1.0;
				PRODUCT_BUNDLE_IDENTIFIER = org.Finabl.Finabl;
				PRODUCT_NAME = "$(TARGET_NAME)";
				SDKROOT = auto;
				SUPPORTED_PLATFORMS = "iphoneos iphonesimulator";
				SUPPORTS_MACCATALYST = NO;
				SWIFT_EMIT_LOC_STRINGS = YES;
				SWIFT_VERSION = 5.0;
				TARGETED_DEVICE_FAMILY = "1,2";
				XROS_DEPLOYMENT_TARGET = 2.2;
			};
			name = Debug;
		};
		6A63F06D2D17964B002F4BC8 /* Release */ = {
			isa = XCBuildConfiguration;
			buildSettings = {
				ASSETCATALOG_COMPILER_APPICON_NAME = AppIcon;
				ASSETCATALOG_COMPILER_GLOBAL_ACCENT_COLOR_NAME = AccentColor;
				CODE_SIGN_ENTITLEMENTS = Finabl/Finabl.entitlements;
				CODE_SIGN_STYLE = Automatic;
				CURRENT_PROJECT_VERSION = 1;
				DEVELOPMENT_ASSET_PATHS = "\"Finabl/Preview Content\"";
				DEVELOPMENT_TEAM = X4MH4CHK56;
				ENABLE_HARDENED_RUNTIME = YES;
				ENABLE_PREVIEWS = YES;
				GENERATE_INFOPLIST_FILE = YES;
				INFOPLIST_FILE = Finabl/Info.plist;
				"INFOPLIST_KEY_UIApplicationSceneManifest_Generation[sdk=iphoneos*]" = YES;
				"INFOPLIST_KEY_UIApplicationSceneManifest_Generation[sdk=iphonesimulator*]" = YES;
				"INFOPLIST_KEY_UIApplicationSupportsIndirectInputEvents[sdk=iphoneos*]" = YES;
				"INFOPLIST_KEY_UIApplicationSupportsIndirectInputEvents[sdk=iphonesimulator*]" = YES;
				"INFOPLIST_KEY_UILaunchScreen_Generation[sdk=iphoneos*]" = YES;
				"INFOPLIST_KEY_UILaunchScreen_Generation[sdk=iphonesimulator*]" = YES;
				"INFOPLIST_KEY_UIStatusBarStyle[sdk=iphoneos*]" = UIStatusBarStyleDefault;
				"INFOPLIST_KEY_UIStatusBarStyle[sdk=iphonesimulator*]" = UIStatusBarStyleDefault;
				INFOPLIST_KEY_UISupportedInterfaceOrientations_iPad = "UIInterfaceOrientationPortrait UIInterfaceOrientationPortraitUpsideDown UIInterfaceOrientationLandscapeLeft UIInterfaceOrientationLandscapeRight";
				INFOPLIST_KEY_UISupportedInterfaceOrientations_iPhone = "UIInterfaceOrientationPortrait UIInterfaceOrientationLandscapeLeft UIInterfaceOrientationLandscapeRight";
				IPHONEOS_DEPLOYMENT_TARGET = 18.0;
				LD_RUNPATH_SEARCH_PATHS = "@executable_path/Frameworks";
				"LD_RUNPATH_SEARCH_PATHS[sdk=macosx*]" = "@executable_path/../Frameworks";
				MACOSX_DEPLOYMENT_TARGET = 15.1;
				MARKETING_VERSION = 1.0;
				PRODUCT_BUNDLE_IDENTIFIER = org.Finabl.Finabl;
				PRODUCT_NAME = "$(TARGET_NAME)";
				SDKROOT = auto;
				SUPPORTED_PLATFORMS = "iphoneos iphonesimulator";
				SUPPORTS_MACCATALYST = NO;
				SWIFT_EMIT_LOC_STRINGS = YES;
				SWIFT_VERSION = 5.0;
				TARGETED_DEVICE_FAMILY = "1,2";
				XROS_DEPLOYMENT_TARGET = 2.2;
			};
			name = Release;
		};
		6A63F06F2D17964B002F4BC8 /* Debug */ = {
			isa = XCBuildConfiguration;
			buildSettings = {
				BUNDLE_LOADER = "$(TEST_HOST)";
				CODE_SIGN_STYLE = Automatic;
				CURRENT_PROJECT_VERSION = 1;
				DEVELOPMENT_TEAM = JCG7546B29;
				GENERATE_INFOPLIST_FILE = YES;
				IPHONEOS_DEPLOYMENT_TARGET = 18.2;
				MACOSX_DEPLOYMENT_TARGET = 15.1;
				MARKETING_VERSION = 1.0;
				PRODUCT_BUNDLE_IDENTIFIER = com.Finabl.FinablTests;
				PRODUCT_NAME = "$(TARGET_NAME)";
				SDKROOT = auto;
				SUPPORTED_PLATFORMS = "iphoneos iphonesimulator macosx xros xrsimulator";
				SWIFT_EMIT_LOC_STRINGS = NO;
				SWIFT_VERSION = 5.0;
				TARGETED_DEVICE_FAMILY = "1,2,7";
				TEST_HOST = "$(BUILT_PRODUCTS_DIR)/Finabl.app/$(BUNDLE_EXECUTABLE_FOLDER_PATH)/Finabl";
				XROS_DEPLOYMENT_TARGET = 2.2;
			};
			name = Debug;
		};
		6A63F0702D17964B002F4BC8 /* Release */ = {
			isa = XCBuildConfiguration;
			buildSettings = {
				BUNDLE_LOADER = "$(TEST_HOST)";
				CODE_SIGN_STYLE = Automatic;
				CURRENT_PROJECT_VERSION = 1;
				DEVELOPMENT_TEAM = JCG7546B29;
				GENERATE_INFOPLIST_FILE = YES;
				IPHONEOS_DEPLOYMENT_TARGET = 18.2;
				MACOSX_DEPLOYMENT_TARGET = 15.1;
				MARKETING_VERSION = 1.0;
				PRODUCT_BUNDLE_IDENTIFIER = com.Finabl.FinablTests;
				PRODUCT_NAME = "$(TARGET_NAME)";
				SDKROOT = auto;
				SUPPORTED_PLATFORMS = "iphoneos iphonesimulator macosx xros xrsimulator";
				SWIFT_EMIT_LOC_STRINGS = NO;
				SWIFT_VERSION = 5.0;
				TARGETED_DEVICE_FAMILY = "1,2,7";
				TEST_HOST = "$(BUILT_PRODUCTS_DIR)/Finabl.app/$(BUNDLE_EXECUTABLE_FOLDER_PATH)/Finabl";
				XROS_DEPLOYMENT_TARGET = 2.2;
			};
			name = Release;
		};
		6A63F0722D17964B002F4BC8 /* Debug */ = {
			isa = XCBuildConfiguration;
			buildSettings = {
				CODE_SIGN_STYLE = Automatic;
				CURRENT_PROJECT_VERSION = 1;
				DEVELOPMENT_TEAM = JCG7546B29;
				GENERATE_INFOPLIST_FILE = YES;
				IPHONEOS_DEPLOYMENT_TARGET = 18.2;
				MACOSX_DEPLOYMENT_TARGET = 15.1;
				MARKETING_VERSION = 1.0;
				PRODUCT_BUNDLE_IDENTIFIER = com.Finabl.FinablUITests;
				PRODUCT_NAME = "$(TARGET_NAME)";
				SDKROOT = auto;
				SUPPORTED_PLATFORMS = "iphoneos iphonesimulator macosx xros xrsimulator";
				SWIFT_EMIT_LOC_STRINGS = NO;
				SWIFT_VERSION = 5.0;
				TARGETED_DEVICE_FAMILY = "1,2,7";
				TEST_TARGET_NAME = Finabl;
				XROS_DEPLOYMENT_TARGET = 2.2;
			};
			name = Debug;
		};
		6A63F0732D17964B002F4BC8 /* Release */ = {
			isa = XCBuildConfiguration;
			buildSettings = {
				CODE_SIGN_STYLE = Automatic;
				CURRENT_PROJECT_VERSION = 1;
				DEVELOPMENT_TEAM = JCG7546B29;
				GENERATE_INFOPLIST_FILE = YES;
				IPHONEOS_DEPLOYMENT_TARGET = 18.2;
				MACOSX_DEPLOYMENT_TARGET = 15.1;
				MARKETING_VERSION = 1.0;
				PRODUCT_BUNDLE_IDENTIFIER = com.Finabl.FinablUITests;
				PRODUCT_NAME = "$(TARGET_NAME)";
				SDKROOT = auto;
				SUPPORTED_PLATFORMS = "iphoneos iphonesimulator macosx xros xrsimulator";
				SWIFT_EMIT_LOC_STRINGS = NO;
				SWIFT_VERSION = 5.0;
				TARGETED_DEVICE_FAMILY = "1,2,7";
				TEST_TARGET_NAME = Finabl;
				XROS_DEPLOYMENT_TARGET = 2.2;
			};
			name = Release;
		};
/* End XCBuildConfiguration section */

/* Begin XCConfigurationList section */
		6A63F0412D179649002F4BC8 /* Build configuration list for PBXProject "Finabl" */ = {
			isa = XCConfigurationList;
			buildConfigurations = (
				6A63F0692D17964B002F4BC8 /* Debug */,
				6A63F06A2D17964B002F4BC8 /* Release */,
			);
			defaultConfigurationIsVisible = 0;
			defaultConfigurationName = Release;
		};
		6A63F06B2D17964B002F4BC8 /* Build configuration list for PBXNativeTarget "Finabl" */ = {
			isa = XCConfigurationList;
			buildConfigurations = (
				6A63F06C2D17964B002F4BC8 /* Debug */,
				6A63F06D2D17964B002F4BC8 /* Release */,
			);
			defaultConfigurationIsVisible = 0;
			defaultConfigurationName = Release;
		};
		6A63F06E2D17964B002F4BC8 /* Build configuration list for PBXNativeTarget "FinablTests" */ = {
			isa = XCConfigurationList;
			buildConfigurations = (
				6A63F06F2D17964B002F4BC8 /* Debug */,
				6A63F0702D17964B002F4BC8 /* Release */,
			);
			defaultConfigurationIsVisible = 0;
			defaultConfigurationName = Release;
		};
		6A63F0712D17964B002F4BC8 /* Build configuration list for PBXNativeTarget "FinablUITests" */ = {
			isa = XCConfigurationList;
			buildConfigurations = (
				6A63F0722D17964B002F4BC8 /* Debug */,
				6A63F0732D17964B002F4BC8 /* Release */,
			);
			defaultConfigurationIsVisible = 0;
			defaultConfigurationName = Release;
		};
/* End XCConfigurationList section */

/* Begin XCRemoteSwiftPackageReference section */
		6A1489152D2F3FDB00060FC2 /* XCRemoteSwiftPackageReference "socket.io-client-swift" */ = {
			isa = XCRemoteSwiftPackageReference;
			repositoryURL = "https://github.com/socketio/socket.io-client-swift.git";
			requirement = {
				branch = master;
				kind = branch;
			};
		};
		6A80AEE12D30D28F0005AB08 /* XCRemoteSwiftPackageReference "plaid-link-ios-spm" */ = {
			isa = XCRemoteSwiftPackageReference;
			repositoryURL = "https://github.com/plaid/plaid-link-ios-spm";
			requirement = {
				branch = main;
				kind = branch;
			};
		};
		6AA3B78A2D1CD087004A785C /* XCRemoteSwiftPackageReference "firebase-ios-sdk" */ = {
			isa = XCRemoteSwiftPackageReference;
			repositoryURL = "https://github.com/firebase/firebase-ios-sdk";
			requirement = {
				kind = upToNextMajorVersion;
				minimumVersion = 11.6.0;
			};
		};
/* End XCRemoteSwiftPackageReference section */

/* Begin XCSwiftPackageProductDependency section */
		6A1489162D2F3FDB00060FC2 /* SocketIO */ = {
			isa = XCSwiftPackageProductDependency;
			package = 6A1489152D2F3FDB00060FC2 /* XCRemoteSwiftPackageReference "socket.io-client-swift" */;
			productName = SocketIO;
		};
		6A80AEE22D30D28F0005AB08 /* LinkKit */ = {
			isa = XCSwiftPackageProductDependency;
			package = 6A80AEE12D30D28F0005AB08 /* XCRemoteSwiftPackageReference "plaid-link-ios-spm" */;
			productName = LinkKit;
		};
		6AA3B78B2D1CD087004A785C /* FirebaseAnalytics */ = {
			isa = XCSwiftPackageProductDependency;
			package = 6AA3B78A2D1CD087004A785C /* XCRemoteSwiftPackageReference "firebase-ios-sdk" */;
			productName = FirebaseAnalytics;
		};
		6AA3B78D2D1CD087004A785C /* FirebaseAuth */ = {
			isa = XCSwiftPackageProductDependency;
			package = 6AA3B78A2D1CD087004A785C /* XCRemoteSwiftPackageReference "firebase-ios-sdk" */;
			productName = FirebaseAuth;
		};
		6AA3B78F2D1CD087004A785C /* FirebaseCore */ = {
			isa = XCSwiftPackageProductDependency;
			package = 6AA3B78A2D1CD087004A785C /* XCRemoteSwiftPackageReference "firebase-ios-sdk" */;
			productName = FirebaseCore;
		};
		6AA3B7912D1CD087004A785C /* FirebaseDatabase */ = {
			isa = XCSwiftPackageProductDependency;
			package = 6AA3B78A2D1CD087004A785C /* XCRemoteSwiftPackageReference "firebase-ios-sdk" */;
			productName = FirebaseDatabase;
		};
		6AA3B7932D1CD087004A785C /* FirebaseFirestore */ = {
			isa = XCSwiftPackageProductDependency;
			package = 6AA3B78A2D1CD087004A785C /* XCRemoteSwiftPackageReference "firebase-ios-sdk" */;
			productName = FirebaseFirestore;
		};
/* End XCSwiftPackageProductDependency section */
	};
	rootObject = 6A63F03E2D179649002F4BC8 /* Project object */;
}
